
Microsoft Visual Studio Solution File, Format Version 12.00
# Visual Studio Version 17
VisualStudioVersion = 17.13.35825.156
MinimumVisualStudioVersion = 10.0.40219.1
Project("{FAE04EC0-301F-11D3-BF4B-00C04F79EFBC}") = "T1_合并两个有序数组", "合并两个有序数组\T1_合并两个有序数组.csproj", "{75DCD069-A4DC-407B-BB5D-BB654197F529}"
EndProject
Project("{FAE04EC0-301F-11D3-BF4B-00C04F79EFBC}") = "T2_移除元素", "T2_移除元素\T2_移除元素.csproj", "{147CAA11-08B5-4F08-9ED7-5F4688A61844}"
EndProject
Project("{FAE04EC0-301F-11D3-BF4B-00C04F79EFBC}") = "T3_删除有序数组中的重复项", "T3_删除有序数组中的重复项\T3_删除有序数组中的重复项.csproj", "{AA16E847-E6F2-436C-8607-8216C71346BB}"
EndProject
Project("{FAE04EC0-301F-11D3-BF4B-00C04F79EFBC}") = "T4_删除有序数组中的重复项2", "T4_删除有序数组中的重复项2\T4_删除有序数组中的重复项2.csproj", "{C68DE588-7073-4C95-B2C6-7CE759A1202A}"
EndProject
Project("{FAE04EC0-301F-11D3-BF4B-00C04F79EFBC}") = "T5_多数元素", "T5_多数元素\T5_多数元素.csproj", "{FB1BC3DD-C57A-49C9-AB4A-64F73BBEA41F}"
EndProject
Project("{FAE04EC0-301F-11D3-BF4B-00C04F79EFBC}") = "T6_轮转数组", "T6_轮转数组\T6_轮转数组.csproj", "{976F31E7-CA80-4647-989C-C829EB8DB3A7}"
EndProject
Project("{FAE04EC0-301F-11D3-BF4B-00C04F79EFBC}") = "T7_买卖股票的最佳时机", "T7_买卖股票的最佳时机\T7_买卖股票的最佳时机.csproj", "{82FBB838-ADAA-432F-8B7F-3327ABEEC0A7}"
EndProject
Project("{FAE04EC0-301F-11D3-BF4B-00C04F79EFBC}") = "T8_买股票的最佳时机2", "T8_买股票的最佳时机2\T8_买股票的最佳时机2.csproj", "{F637069D-680E-43EC-8F08-2F92DCBDC786}"
EndProject
Project("{FAE04EC0-301F-11D3-BF4B-00C04F79EFBC}") = "T9_跳跃游戏", "T9_跳跃游戏\T9_跳跃游戏.csproj", "{F68EDDC6-842F-4E74-B468-328702AE6BEB}"
EndProject
Project("{FAE04EC0-301F-11D3-BF4B-00C04F79EFBC}") = "T10_跳跃游戏2", "T10_跳跃游戏2\T10_跳跃游戏2.csproj", "{C4A02EDD-A143-44F0-9F26-EAEB10026651}"
EndProject
Project("{FAE04EC0-301F-11D3-BF4B-00C04F79EFBC}") = "T11_H指数", "T11_H指数\T11_H指数.csproj", "{9518CF73-DEE0-4D1E-8E54-487882CA3617}"
EndProject
Project("{FAE04EC0-301F-11D3-BF4B-00C04F79EFBC}") = "T12_O(1)时间插入、删除、获取随机元素", "T12_O(1)时间插入、删除、获取随机元素\T12_O(1)时间插入、删除、获取随机元素.csproj", "{F4AA07F7-E8EB-438C-A3B7-02E63C85FDB4}"
EndProject
Project("{FAE04EC0-301F-11D3-BF4B-00C04F79EFBC}") = "T13_除自身以外是数组的乘积", "T13_除自身以外是数组的乘积\T13_除自身以外是数组的乘积.csproj", "{65825EFA-0BFA-4DF4-8A63-E966F9866F99}"
EndProject
Project("{FAE04EC0-301F-11D3-BF4B-00C04F79EFBC}") = "T14_加油站", "T14_加油站\T14_加油站.csproj", "{8EB942A0-490A-4366-A568-A8856AFBC8FC}"
EndProject
Project("{FAE04EC0-301F-11D3-BF4B-00C04F79EFBC}") = "T15_统计好三元组", "T15_统计好三元组\T15_统计好三元组.csproj", "{00192A24-5A26-4BE4-9FC1-EA7D277B239B}"
EndProject
Project("{FAE04EC0-301F-11D3-BF4B-00C04F79EFBC}") = "T16_分发糖果", "T16_分发糖果\T16_分发糖果.csproj", "{709D5F23-CDF6-41B5-9DC5-0DC8132D82C5}"
EndProject
Project("{FAE04EC0-301F-11D3-BF4B-00C04F79EFBC}") = "T17_接雨水", "T17_接雨水\T17_接雨水.csproj", "{E891C27F-DA25-4C81-81A0-623C0EA6298B}"
EndProject
Project("{FAE04EC0-301F-11D3-BF4B-00C04F79EFBC}") = "T18_罗马数字转整型", "T18_罗马数字转整型\T18_罗马数字转整型.csproj", "{27204F6D-B1F7-4754-A31A-8A8E0E212437}"
EndProject
Project("{FAE04EC0-301F-11D3-BF4B-00C04F79EFBC}") = "T19_整型数字转罗马数字", "T19_整型数字转罗马数字\T19_整型数字转罗马数字.csproj", "{B560D0F5-D069-49B0-84B3-34FAB63999DF}"
EndProject
Project("{FAE04EC0-301F-11D3-BF4B-00C04F79EFBC}") = "T20_最后一个词的单词", "T20_最后一个词的单词\T20_最后一个词的单词.csproj", "{903BA375-607B-4EFC-B77C-28F28760D507}"
EndProject
Project("{FAE04EC0-301F-11D3-BF4B-00C04F79EFBC}") = "T21_最长公共前缀", "T21_最长公共前缀\T21_最长公共前缀.csproj", "{1015B14F-58E2-4F89-B006-40E060522204}"
EndProject
Project("{FAE04EC0-301F-11D3-BF4B-00C04F79EFBC}") = "T22_反转字符串中的单词", "T22_反转字符串中的单词\T22_反转字符串中的单词.csproj", "{8D7B213B-BB37-4719-BAFD-E15BD2BD36B9}"
EndProject
Project("{FAE04EC0-301F-11D3-BF4B-00C04F79EFBC}") = "T23_ Z 字形变换", "T23_ Z 字形变换\T23_ Z 字形变换.csproj", "{39804B3E-D855-4DCA-8085-86169E23F97A}"
EndProject
Project("{FAE04EC0-301F-11D3-BF4B-00C04F79EFBC}") = "hot_双指针_两数之和", "hot_1_两数之和\hot_双指针_两数之和.csproj", "{91503A52-99F5-4E99-AB0A-E3225415E9C7}"
EndProject
Project("{FAE04EC0-301F-11D3-BF4B-00C04F79EFBC}") = "hot_哈希_字母异位词分组", "hot_49_字母异位词分组\hot_哈希_字母异位词分组.csproj", "{858816CC-166F-4D9A-BECA-30F96A67A8B1}"
EndProject
Project("{FAE04EC0-301F-11D3-BF4B-00C04F79EFBC}") = "hot_哈希_接雨水", "hot_42_接雨水\hot_哈希_接雨水.csproj", "{60734D14-C815-4812-ACFD-1B0757307155}"
EndProject
Project("{FAE04EC0-301F-11D3-BF4B-00C04F79EFBC}") = "hot_哈希_最长连续序列", "hot_哈希_最长连续序列\hot_哈希_最长连续序列.csproj", "{8B3E9839-8E56-4134-A9FE-34E810E8B64E}"
EndProject
Project("{FAE04EC0-301F-11D3-BF4B-00C04F79EFBC}") = "hot_双指针_移动零", "hot_双指针_移动零\hot_双指针_移动零.csproj", "{2956C4B2-A22D-4D92-B66E-24353CA74775}"
EndProject
Project("{FAE04EC0-301F-11D3-BF4B-00C04F79EFBC}") = "hot_双指针_盛水最多的容器", "hot_双指针_盛水最多的容器\hot_双指针_盛水最多的容器.csproj", "{7A75E788-C517-4ECD-BAFE-85FDB7D34180}"
EndProject
Project("{FAE04EC0-301F-11D3-BF4B-00C04F79EFBC}") = "hot_双指针_三数之和", "hot_双指针_三数之和\hot_双指针_三数之和.csproj", "{9681EE58-FB6E-42A9-ADCC-157DAF2B2CB1}"
EndProject
Project("{FAE04EC0-301F-11D3-BF4B-00C04F79EFBC}") = "hot_滑动窗口_无重复字符的最长子串", "hot_滑动窗口_无重复字符的最长子串\hot_滑动窗口_无重复字符的最长子串.csproj", "{B66F7306-65AE-443E-9679-5E93FBFEED46}"
EndProject
Project("{FAE04EC0-301F-11D3-BF4B-00C04F79EFBC}") = "hot_滑动窗口_找到字符串中所有字母异位词", "hot_滑动窗口_找到字符串中所有字母异位词\hot_滑动窗口_找到字符串中所有字母异位词.csproj", "{F08C5203-4AFA-4E94-B90C-1B376B07F7D8}"
EndProject
Project("{FAE04EC0-301F-11D3-BF4B-00C04F79EFBC}") = "hot_子串_合为k的子数组", "hot_子串_合为k的子数组\hot_子串_合为k的子数组.csproj", "{7F9F0894-88D9-45BB-99BE-3F2D50A00BC2}"
EndProject
Project("{FAE04EC0-301F-11D3-BF4B-00C04F79EFBC}") = "hot_子串_滑动窗口最大值", "hot_子串_滑动窗口最大值\hot_子串_滑动窗口最大值.csproj", "{A90E39AE-1A48-42BE-A93F-C2031F34402C}"
EndProject
Project("{FAE04EC0-301F-11D3-BF4B-00C04F79EFBC}") = "hot_子串_最小覆盖子串", "hot_子串_最小覆盖子串\hot_子串_最小覆盖子串.csproj", "{B6B2F684-1B70-445B-8547-1DF0D0284135}"
EndProject
Project("{FAE04EC0-301F-11D3-BF4B-00C04F79EFBC}") = "hot_数组_最大子数组", "hot_数组_最大子数组\hot_数组_最大子数组.csproj", "{BE274C2B-D6D6-4875-BD64-DD321399D274}"
EndProject
Project("{FAE04EC0-301F-11D3-BF4B-00C04F79EFBC}") = "hot_数组_合并区间", "hot_数组_除自身以外的数组的乘积\hot_数组_合并区间.csproj", "{4AD045BB-47F6-446D-8C80-B1C402DB3FBA}"
EndProject
Project("{FAE04EC0-301F-11D3-BF4B-00C04F79EFBC}") = "hot_数组_轮转数组", "hot_数组_轮转数组\hot_数组_轮转数组.csproj", "{5BF09240-D3E9-4742-B458-F900D5A4AF58}"
EndProject
Project("{FAE04EC0-301F-11D3-BF4B-00C04F79EFBC}") = "hot_数组_除自身以外数组的乘积", "hot_数组_除自身以外数组的乘积\hot_数组_除自身以外数组的乘积.csproj", "{15D19498-7F65-44C2-97C6-0B910DBB3E18}"
EndProject
Project("{FAE04EC0-301F-11D3-BF4B-00C04F79EFBC}") = "hot_数组_第一个缺失的正数", "hot_数组_第一个缺失的正数\hot_数组_第一个缺失的正数.csproj", "{6535D5F6-FE39-4F9F-92A3-6F33A2B9A9A8}"
EndProject
Project("{FAE04EC0-301F-11D3-BF4B-00C04F79EFBC}") = "hot_矩阵_矩阵置零", "hot_矩阵_矩阵置零\hot_矩阵_矩阵置零.csproj", "{78889F9F-F74E-49EF-8475-1F54CC3030EC}"
EndProject
Project("{FAE04EC0-301F-11D3-BF4B-00C04F79EFBC}") = "hot_矩阵_螺旋矩阵", "hot_矩阵_螺旋矩阵\hot_矩阵_螺旋矩阵.csproj", "{4828456A-D371-4787-9778-91B0D7A4FDA7}"
EndProject
Project("{FAE04EC0-301F-11D3-BF4B-00C04F79EFBC}") = "hot_矩阵_旋转图像", "hot_矩阵_旋转图像\hot_矩阵_旋转图像.csproj", "{976AA0BC-B0B6-4B58-A648-3A45944A5121}"
EndProject
Project("{FAE04EC0-301F-11D3-BF4B-00C04F79EFBC}") = "hot_矩阵_搜索二维矩阵", "hot_矩阵_搜索二维矩阵\hot_矩阵_搜索二维矩阵.csproj", "{BFFBB7B2-1B95-429B-8E9B-2D43C1CCDB1E}"
EndProject
Project("{FAE04EC0-301F-11D3-BF4B-00C04F79EFBC}") = "hot_技巧_寻找重复数", "hot_技巧_寻找重复数\hot_技巧_寻找重复数.csproj", "{16B545E6-B0BA-4EBC-B988-EDEEC0036465}"
EndProject
Project("{FAE04EC0-301F-11D3-BF4B-00C04F79EFBC}") = "hot_技巧_只出现一次的数字", "hot_技巧_只出现一次的数字\hot_技巧_只出现一次的数字.csproj", "{C7872E38-8D59-4DEE-BB99-EDEB07921E72}"
EndProject
Project("{FAE04EC0-301F-11D3-BF4B-00C04F79EFBC}") = "hot_技巧_多数元素", "hot_技巧_多数元素\hot_技巧_多数元素.csproj", "{EE16C60D-343E-4A66-8077-FDDBFF3CE8CD}"
EndProject
Project("{FAE04EC0-301F-11D3-BF4B-00C04F79EFBC}") = "hot_链表_相交链表", "hot_链表_相交链表\hot_链表_相交链表.csproj", "{35622AFC-C86A-4132-9A89-DA119F2A063F}"
EndProject
Project("{FAE04EC0-301F-11D3-BF4B-00C04F79EFBC}") = "hot_链表_反转列表", "hot_链表_反转列表\hot_链表_反转列表.csproj", "{C1F3EBC6-3EFD-4E77-A632-59271FA40B5C}"
EndProject
Project("{FAE04EC0-301F-11D3-BF4B-00C04F79EFBC}") = "hot_链表_回文链表", "hot_链表_回文链表\hot_链表_回文链表.csproj", "{E834E1A0-DA0B-4F5E-AC8F-4B98A9AFD087}"
EndProject
Project("{FAE04EC0-301F-11D3-BF4B-00C04F79EFBC}") = "hot_链表_环形链表", "hot_链表_环形链表\hot_链表_环形链表.csproj", "{0ED53B42-4B38-4C9D-BA31-4E0F50FF473C}"
EndProject
Project("{FAE04EC0-301F-11D3-BF4B-00C04F79EFBC}") = "hot_链表_环形链表2", "hot_链表_环形链表2\hot_链表_环形链表2.csproj", "{53847FF6-09BA-479D-9797-547286C94B80}"
EndProject
Project("{FAE04EC0-301F-11D3-BF4B-00C04F79EFBC}") = "hot_链表_合并两个有序链表", "hot_链表_合并两个有序链表\hot_链表_合并两个有序链表.csproj", "{6B46ECED-EDE2-4896-866F-923D48F3D979}"
EndProject
Global
	GlobalSection(SolutionConfigurationPlatforms) = preSolution
		Debug|Any CPU = Debug|Any CPU
		Release|Any CPU = Release|Any CPU
	EndGlobalSection
	GlobalSection(ProjectConfigurationPlatforms) = postSolution
		{75DCD069-A4DC-407B-BB5D-BB654197F529}.Debug|Any CPU.ActiveCfg = Debug|Any CPU
		{75DCD069-A4DC-407B-BB5D-BB654197F529}.Debug|Any CPU.Build.0 = Debug|Any CPU
		{75DCD069-A4DC-407B-BB5D-BB654197F529}.Release|Any CPU.ActiveCfg = Release|Any CPU
		{75DCD069-A4DC-407B-BB5D-BB654197F529}.Release|Any CPU.Build.0 = Release|Any CPU
		{147CAA11-08B5-4F08-9ED7-5F4688A61844}.Debug|Any CPU.ActiveCfg = Debug|Any CPU
		{147CAA11-08B5-4F08-9ED7-5F4688A61844}.Debug|Any CPU.Build.0 = Debug|Any CPU
		{147CAA11-08B5-4F08-9ED7-5F4688A61844}.Release|Any CPU.ActiveCfg = Release|Any CPU
		{147CAA11-08B5-4F08-9ED7-5F4688A61844}.Release|Any CPU.Build.0 = Release|Any CPU
		{AA16E847-E6F2-436C-8607-8216C71346BB}.Debug|Any CPU.ActiveCfg = Debug|Any CPU
		{AA16E847-E6F2-436C-8607-8216C71346BB}.Debug|Any CPU.Build.0 = Debug|Any CPU
		{AA16E847-E6F2-436C-8607-8216C71346BB}.Release|Any CPU.ActiveCfg = Release|Any CPU
		{AA16E847-E6F2-436C-8607-8216C71346BB}.Release|Any CPU.Build.0 = Release|Any CPU
		{C68DE588-7073-4C95-B2C6-7CE759A1202A}.Debug|Any CPU.ActiveCfg = Debug|Any CPU
		{C68DE588-7073-4C95-B2C6-7CE759A1202A}.Debug|Any CPU.Build.0 = Debug|Any CPU
		{C68DE588-7073-4C95-B2C6-7CE759A1202A}.Release|Any CPU.ActiveCfg = Release|Any CPU
		{C68DE588-7073-4C95-B2C6-7CE759A1202A}.Release|Any CPU.Build.0 = Release|Any CPU
		{FB1BC3DD-C57A-49C9-AB4A-64F73BBEA41F}.Debug|Any CPU.ActiveCfg = Debug|Any CPU
		{FB1BC3DD-C57A-49C9-AB4A-64F73BBEA41F}.Debug|Any CPU.Build.0 = Debug|Any CPU
		{FB1BC3DD-C57A-49C9-AB4A-64F73BBEA41F}.Release|Any CPU.ActiveCfg = Release|Any CPU
		{FB1BC3DD-C57A-49C9-AB4A-64F73BBEA41F}.Release|Any CPU.Build.0 = Release|Any CPU
		{976F31E7-CA80-4647-989C-C829EB8DB3A7}.Debug|Any CPU.ActiveCfg = Debug|Any CPU
		{976F31E7-CA80-4647-989C-C829EB8DB3A7}.Debug|Any CPU.Build.0 = Debug|Any CPU
		{976F31E7-CA80-4647-989C-C829EB8DB3A7}.Release|Any CPU.ActiveCfg = Release|Any CPU
		{976F31E7-CA80-4647-989C-C829EB8DB3A7}.Release|Any CPU.Build.0 = Release|Any CPU
		{82FBB838-ADAA-432F-8B7F-3327ABEEC0A7}.Debug|Any CPU.ActiveCfg = Debug|Any CPU
		{82FBB838-ADAA-432F-8B7F-3327ABEEC0A7}.Debug|Any CPU.Build.0 = Debug|Any CPU
		{82FBB838-ADAA-432F-8B7F-3327ABEEC0A7}.Release|Any CPU.ActiveCfg = Release|Any CPU
		{82FBB838-ADAA-432F-8B7F-3327ABEEC0A7}.Release|Any CPU.Build.0 = Release|Any CPU
		{F637069D-680E-43EC-8F08-2F92DCBDC786}.Debug|Any CPU.ActiveCfg = Debug|Any CPU
		{F637069D-680E-43EC-8F08-2F92DCBDC786}.Debug|Any CPU.Build.0 = Debug|Any CPU
		{F637069D-680E-43EC-8F08-2F92DCBDC786}.Release|Any CPU.ActiveCfg = Release|Any CPU
		{F637069D-680E-43EC-8F08-2F92DCBDC786}.Release|Any CPU.Build.0 = Release|Any CPU
		{F68EDDC6-842F-4E74-B468-328702AE6BEB}.Debug|Any CPU.ActiveCfg = Debug|Any CPU
		{F68EDDC6-842F-4E74-B468-328702AE6BEB}.Debug|Any CPU.Build.0 = Debug|Any CPU
		{F68EDDC6-842F-4E74-B468-328702AE6BEB}.Release|Any CPU.ActiveCfg = Release|Any CPU
		{F68EDDC6-842F-4E74-B468-328702AE6BEB}.Release|Any CPU.Build.0 = Release|Any CPU
		{C4A02EDD-A143-44F0-9F26-EAEB10026651}.Debug|Any CPU.ActiveCfg = Debug|Any CPU
		{C4A02EDD-A143-44F0-9F26-EAEB10026651}.Debug|Any CPU.Build.0 = Debug|Any CPU
		{C4A02EDD-A143-44F0-9F26-EAEB10026651}.Release|Any CPU.ActiveCfg = Release|Any CPU
		{C4A02EDD-A143-44F0-9F26-EAEB10026651}.Release|Any CPU.Build.0 = Release|Any CPU
		{9518CF73-DEE0-4D1E-8E54-487882CA3617}.Debug|Any CPU.ActiveCfg = Debug|Any CPU
		{9518CF73-DEE0-4D1E-8E54-487882CA3617}.Debug|Any CPU.Build.0 = Debug|Any CPU
		{9518CF73-DEE0-4D1E-8E54-487882CA3617}.Release|Any CPU.ActiveCfg = Release|Any CPU
		{9518CF73-DEE0-4D1E-8E54-487882CA3617}.Release|Any CPU.Build.0 = Release|Any CPU
		{F4AA07F7-E8EB-438C-A3B7-02E63C85FDB4}.Debug|Any CPU.ActiveCfg = Debug|Any CPU
		{F4AA07F7-E8EB-438C-A3B7-02E63C85FDB4}.Debug|Any CPU.Build.0 = Debug|Any CPU
		{F4AA07F7-E8EB-438C-A3B7-02E63C85FDB4}.Release|Any CPU.ActiveCfg = Release|Any CPU
		{F4AA07F7-E8EB-438C-A3B7-02E63C85FDB4}.Release|Any CPU.Build.0 = Release|Any CPU
		{65825EFA-0BFA-4DF4-8A63-E966F9866F99}.Debug|Any CPU.ActiveCfg = Debug|Any CPU
		{65825EFA-0BFA-4DF4-8A63-E966F9866F99}.Debug|Any CPU.Build.0 = Debug|Any CPU
		{65825EFA-0BFA-4DF4-8A63-E966F9866F99}.Release|Any CPU.ActiveCfg = Release|Any CPU
		{65825EFA-0BFA-4DF4-8A63-E966F9866F99}.Release|Any CPU.Build.0 = Release|Any CPU
		{8EB942A0-490A-4366-A568-A8856AFBC8FC}.Debug|Any CPU.ActiveCfg = Debug|Any CPU
		{8EB942A0-490A-4366-A568-A8856AFBC8FC}.Debug|Any CPU.Build.0 = Debug|Any CPU
		{8EB942A0-490A-4366-A568-A8856AFBC8FC}.Release|Any CPU.ActiveCfg = Release|Any CPU
		{8EB942A0-490A-4366-A568-A8856AFBC8FC}.Release|Any CPU.Build.0 = Release|Any CPU
		{00192A24-5A26-4BE4-9FC1-EA7D277B239B}.Debug|Any CPU.ActiveCfg = Debug|Any CPU
		{00192A24-5A26-4BE4-9FC1-EA7D277B239B}.Debug|Any CPU.Build.0 = Debug|Any CPU
		{00192A24-5A26-4BE4-9FC1-EA7D277B239B}.Release|Any CPU.ActiveCfg = Release|Any CPU
		{00192A24-5A26-4BE4-9FC1-EA7D277B239B}.Release|Any CPU.Build.0 = Release|Any CPU
		{709D5F23-CDF6-41B5-9DC5-0DC8132D82C5}.Debug|Any CPU.ActiveCfg = Debug|Any CPU
		{709D5F23-CDF6-41B5-9DC5-0DC8132D82C5}.Debug|Any CPU.Build.0 = Debug|Any CPU
		{709D5F23-CDF6-41B5-9DC5-0DC8132D82C5}.Release|Any CPU.ActiveCfg = Release|Any CPU
		{709D5F23-CDF6-41B5-9DC5-0DC8132D82C5}.Release|Any CPU.Build.0 = Release|Any CPU
		{E891C27F-DA25-4C81-81A0-623C0EA6298B}.Debug|Any CPU.ActiveCfg = Debug|Any CPU
		{E891C27F-DA25-4C81-81A0-623C0EA6298B}.Debug|Any CPU.Build.0 = Debug|Any CPU
		{E891C27F-DA25-4C81-81A0-623C0EA6298B}.Release|Any CPU.ActiveCfg = Release|Any CPU
		{E891C27F-DA25-4C81-81A0-623C0EA6298B}.Release|Any CPU.Build.0 = Release|Any CPU
		{27204F6D-B1F7-4754-A31A-8A8E0E212437}.Debug|Any CPU.ActiveCfg = Debug|Any CPU
		{27204F6D-B1F7-4754-A31A-8A8E0E212437}.Debug|Any CPU.Build.0 = Debug|Any CPU
		{27204F6D-B1F7-4754-A31A-8A8E0E212437}.Release|Any CPU.ActiveCfg = Release|Any CPU
		{27204F6D-B1F7-4754-A31A-8A8E0E212437}.Release|Any CPU.Build.0 = Release|Any CPU
		{B560D0F5-D069-49B0-84B3-34FAB63999DF}.Debug|Any CPU.ActiveCfg = Debug|Any CPU
		{B560D0F5-D069-49B0-84B3-34FAB63999DF}.Debug|Any CPU.Build.0 = Debug|Any CPU
		{B560D0F5-D069-49B0-84B3-34FAB63999DF}.Release|Any CPU.ActiveCfg = Release|Any CPU
		{B560D0F5-D069-49B0-84B3-34FAB63999DF}.Release|Any CPU.Build.0 = Release|Any CPU
		{903BA375-607B-4EFC-B77C-28F28760D507}.Debug|Any CPU.ActiveCfg = Debug|Any CPU
		{903BA375-607B-4EFC-B77C-28F28760D507}.Debug|Any CPU.Build.0 = Debug|Any CPU
		{903BA375-607B-4EFC-B77C-28F28760D507}.Release|Any CPU.ActiveCfg = Release|Any CPU
		{903BA375-607B-4EFC-B77C-28F28760D507}.Release|Any CPU.Build.0 = Release|Any CPU
		{1015B14F-58E2-4F89-B006-40E060522204}.Debug|Any CPU.ActiveCfg = Debug|Any CPU
		{1015B14F-58E2-4F89-B006-40E060522204}.Debug|Any CPU.Build.0 = Debug|Any CPU
		{1015B14F-58E2-4F89-B006-40E060522204}.Release|Any CPU.ActiveCfg = Release|Any CPU
		{1015B14F-58E2-4F89-B006-40E060522204}.Release|Any CPU.Build.0 = Release|Any CPU
		{8D7B213B-BB37-4719-BAFD-E15BD2BD36B9}.Debug|Any CPU.ActiveCfg = Debug|Any CPU
		{8D7B213B-BB37-4719-BAFD-E15BD2BD36B9}.Debug|Any CPU.Build.0 = Debug|Any CPU
		{8D7B213B-BB37-4719-BAFD-E15BD2BD36B9}.Release|Any CPU.ActiveCfg = Release|Any CPU
		{8D7B213B-BB37-4719-BAFD-E15BD2BD36B9}.Release|Any CPU.Build.0 = Release|Any CPU
		{39804B3E-D855-4DCA-8085-86169E23F97A}.Debug|Any CPU.ActiveCfg = Debug|Any CPU
		{39804B3E-D855-4DCA-8085-86169E23F97A}.Debug|Any CPU.Build.0 = Debug|Any CPU
		{39804B3E-D855-4DCA-8085-86169E23F97A}.Release|Any CPU.ActiveCfg = Release|Any CPU
		{39804B3E-D855-4DCA-8085-86169E23F97A}.Release|Any CPU.Build.0 = Release|Any CPU
		{91503A52-99F5-4E99-AB0A-E3225415E9C7}.Debug|Any CPU.ActiveCfg = Debug|Any CPU
		{91503A52-99F5-4E99-AB0A-E3225415E9C7}.Debug|Any CPU.Build.0 = Debug|Any CPU
		{91503A52-99F5-4E99-AB0A-E3225415E9C7}.Release|Any CPU.ActiveCfg = Release|Any CPU
		{91503A52-99F5-4E99-AB0A-E3225415E9C7}.Release|Any CPU.Build.0 = Release|Any CPU
		{858816CC-166F-4D9A-BECA-30F96A67A8B1}.Debug|Any CPU.ActiveCfg = Debug|Any CPU
		{858816CC-166F-4D9A-BECA-30F96A67A8B1}.Debug|Any CPU.Build.0 = Debug|Any CPU
		{858816CC-166F-4D9A-BECA-30F96A67A8B1}.Release|Any CPU.ActiveCfg = Release|Any CPU
		{858816CC-166F-4D9A-BECA-30F96A67A8B1}.Release|Any CPU.Build.0 = Release|Any CPU
		{60734D14-C815-4812-ACFD-1B0757307155}.Debug|Any CPU.ActiveCfg = Debug|Any CPU
		{60734D14-C815-4812-ACFD-1B0757307155}.Debug|Any CPU.Build.0 = Debug|Any CPU
		{60734D14-C815-4812-ACFD-1B0757307155}.Release|Any CPU.ActiveCfg = Release|Any CPU
		{60734D14-C815-4812-ACFD-1B0757307155}.Release|Any CPU.Build.0 = Release|Any CPU
		{8B3E9839-8E56-4134-A9FE-34E810E8B64E}.Debug|Any CPU.ActiveCfg = Debug|Any CPU
		{8B3E9839-8E56-4134-A9FE-34E810E8B64E}.Debug|Any CPU.Build.0 = Debug|Any CPU
		{8B3E9839-8E56-4134-A9FE-34E810E8B64E}.Release|Any CPU.ActiveCfg = Release|Any CPU
		{8B3E9839-8E56-4134-A9FE-34E810E8B64E}.Release|Any CPU.Build.0 = Release|Any CPU
		{2956C4B2-A22D-4D92-B66E-24353CA74775}.Debug|Any CPU.ActiveCfg = Debug|Any CPU
		{2956C4B2-A22D-4D92-B66E-24353CA74775}.Debug|Any CPU.Build.0 = Debug|Any CPU
		{2956C4B2-A22D-4D92-B66E-24353CA74775}.Release|Any CPU.ActiveCfg = Release|Any CPU
		{2956C4B2-A22D-4D92-B66E-24353CA74775}.Release|Any CPU.Build.0 = Release|Any CPU
		{7A75E788-C517-4ECD-BAFE-85FDB7D34180}.Debug|Any CPU.ActiveCfg = Debug|Any CPU
		{7A75E788-C517-4ECD-BAFE-85FDB7D34180}.Debug|Any CPU.Build.0 = Debug|Any CPU
		{7A75E788-C517-4ECD-BAFE-85FDB7D34180}.Release|Any CPU.ActiveCfg = Release|Any CPU
		{7A75E788-C517-4ECD-BAFE-85FDB7D34180}.Release|Any CPU.Build.0 = Release|Any CPU
		{9681EE58-FB6E-42A9-ADCC-157DAF2B2CB1}.Debug|Any CPU.ActiveCfg = Debug|Any CPU
		{9681EE58-FB6E-42A9-ADCC-157DAF2B2CB1}.Debug|Any CPU.Build.0 = Debug|Any CPU
		{9681EE58-FB6E-42A9-ADCC-157DAF2B2CB1}.Release|Any CPU.ActiveCfg = Release|Any CPU
		{9681EE58-FB6E-42A9-ADCC-157DAF2B2CB1}.Release|Any CPU.Build.0 = Release|Any CPU
		{B66F7306-65AE-443E-9679-5E93FBFEED46}.Debug|Any CPU.ActiveCfg = Debug|Any CPU
		{B66F7306-65AE-443E-9679-5E93FBFEED46}.Debug|Any CPU.Build.0 = Debug|Any CPU
		{B66F7306-65AE-443E-9679-5E93FBFEED46}.Release|Any CPU.ActiveCfg = Release|Any CPU
		{B66F7306-65AE-443E-9679-5E93FBFEED46}.Release|Any CPU.Build.0 = Release|Any CPU
		{F08C5203-4AFA-4E94-B90C-1B376B07F7D8}.Debug|Any CPU.ActiveCfg = Debug|Any CPU
		{F08C5203-4AFA-4E94-B90C-1B376B07F7D8}.Debug|Any CPU.Build.0 = Debug|Any CPU
		{F08C5203-4AFA-4E94-B90C-1B376B07F7D8}.Release|Any CPU.ActiveCfg = Release|Any CPU
		{F08C5203-4AFA-4E94-B90C-1B376B07F7D8}.Release|Any CPU.Build.0 = Release|Any CPU
		{7F9F0894-88D9-45BB-99BE-3F2D50A00BC2}.Debug|Any CPU.ActiveCfg = Debug|Any CPU
		{7F9F0894-88D9-45BB-99BE-3F2D50A00BC2}.Debug|Any CPU.Build.0 = Debug|Any CPU
		{7F9F0894-88D9-45BB-99BE-3F2D50A00BC2}.Release|Any CPU.ActiveCfg = Release|Any CPU
		{7F9F0894-88D9-45BB-99BE-3F2D50A00BC2}.Release|Any CPU.Build.0 = Release|Any CPU
		{A90E39AE-1A48-42BE-A93F-C2031F34402C}.Debug|Any CPU.ActiveCfg = Debug|Any CPU
		{A90E39AE-1A48-42BE-A93F-C2031F34402C}.Debug|Any CPU.Build.0 = Debug|Any CPU
		{A90E39AE-1A48-42BE-A93F-C2031F34402C}.Release|Any CPU.ActiveCfg = Release|Any CPU
		{A90E39AE-1A48-42BE-A93F-C2031F34402C}.Release|Any CPU.Build.0 = Release|Any CPU
		{B6B2F684-1B70-445B-8547-1DF0D0284135}.Debug|Any CPU.ActiveCfg = Debug|Any CPU
		{B6B2F684-1B70-445B-8547-1DF0D0284135}.Debug|Any CPU.Build.0 = Debug|Any CPU
		{B6B2F684-1B70-445B-8547-1DF0D0284135}.Release|Any CPU.ActiveCfg = Release|Any CPU
		{B6B2F684-1B70-445B-8547-1DF0D0284135}.Release|Any CPU.Build.0 = Release|Any CPU
		{BE274C2B-D6D6-4875-BD64-DD321399D274}.Debug|Any CPU.ActiveCfg = Debug|Any CPU
		{BE274C2B-D6D6-4875-BD64-DD321399D274}.Debug|Any CPU.Build.0 = Debug|Any CPU
		{BE274C2B-D6D6-4875-BD64-DD321399D274}.Release|Any CPU.ActiveCfg = Release|Any CPU
		{BE274C2B-D6D6-4875-BD64-DD321399D274}.Release|Any CPU.Build.0 = Release|Any CPU
		{4AD045BB-47F6-446D-8C80-B1C402DB3FBA}.Debug|Any CPU.ActiveCfg = Debug|Any CPU
		{4AD045BB-47F6-446D-8C80-B1C402DB3FBA}.Debug|Any CPU.Build.0 = Debug|Any CPU
		{4AD045BB-47F6-446D-8C80-B1C402DB3FBA}.Release|Any CPU.ActiveCfg = Release|Any CPU
		{4AD045BB-47F6-446D-8C80-B1C402DB3FBA}.Release|Any CPU.Build.0 = Release|Any CPU
		{5BF09240-D3E9-4742-B458-F900D5A4AF58}.Debug|Any CPU.ActiveCfg = Debug|Any CPU
		{5BF09240-D3E9-4742-B458-F900D5A4AF58}.Debug|Any CPU.Build.0 = Debug|Any CPU
		{5BF09240-D3E9-4742-B458-F900D5A4AF58}.Release|Any CPU.ActiveCfg = Release|Any CPU
		{5BF09240-D3E9-4742-B458-F900D5A4AF58}.Release|Any CPU.Build.0 = Release|Any CPU
		{15D19498-7F65-44C2-97C6-0B910DBB3E18}.Debug|Any CPU.ActiveCfg = Debug|Any CPU
		{15D19498-7F65-44C2-97C6-0B910DBB3E18}.Debug|Any CPU.Build.0 = Debug|Any CPU
		{15D19498-7F65-44C2-97C6-0B910DBB3E18}.Release|Any CPU.ActiveCfg = Release|Any CPU
		{15D19498-7F65-44C2-97C6-0B910DBB3E18}.Release|Any CPU.Build.0 = Release|Any CPU
		{6535D5F6-FE39-4F9F-92A3-6F33A2B9A9A8}.Debug|Any CPU.ActiveCfg = Debug|Any CPU
		{6535D5F6-FE39-4F9F-92A3-6F33A2B9A9A8}.Debug|Any CPU.Build.0 = Debug|Any CPU
		{6535D5F6-FE39-4F9F-92A3-6F33A2B9A9A8}.Release|Any CPU.ActiveCfg = Release|Any CPU
		{6535D5F6-FE39-4F9F-92A3-6F33A2B9A9A8}.Release|Any CPU.Build.0 = Release|Any CPU
		{78889F9F-F74E-49EF-8475-1F54CC3030EC}.Debug|Any CPU.ActiveCfg = Debug|Any CPU
		{78889F9F-F74E-49EF-8475-1F54CC3030EC}.Debug|Any CPU.Build.0 = Debug|Any CPU
		{78889F9F-F74E-49EF-8475-1F54CC3030EC}.Release|Any CPU.ActiveCfg = Release|Any CPU
		{78889F9F-F74E-49EF-8475-1F54CC3030EC}.Release|Any CPU.Build.0 = Release|Any CPU
		{4828456A-D371-4787-9778-91B0D7A4FDA7}.Debug|Any CPU.ActiveCfg = Debug|Any CPU
		{4828456A-D371-4787-9778-91B0D7A4FDA7}.Debug|Any CPU.Build.0 = Debug|Any CPU
		{4828456A-D371-4787-9778-91B0D7A4FDA7}.Release|Any CPU.ActiveCfg = Release|Any CPU
		{4828456A-D371-4787-9778-91B0D7A4FDA7}.Release|Any CPU.Build.0 = Release|Any CPU
		{976AA0BC-B0B6-4B58-A648-3A45944A5121}.Debug|Any CPU.ActiveCfg = Debug|Any CPU
		{976AA0BC-B0B6-4B58-A648-3A45944A5121}.Debug|Any CPU.Build.0 = Debug|Any CPU
		{976AA0BC-B0B6-4B58-A648-3A45944A5121}.Release|Any CPU.ActiveCfg = Release|Any CPU
		{976AA0BC-B0B6-4B58-A648-3A45944A5121}.Release|Any CPU.Build.0 = Release|Any CPU
		{BFFBB7B2-1B95-429B-8E9B-2D43C1CCDB1E}.Debug|Any CPU.ActiveCfg = Debug|Any CPU
		{BFFBB7B2-1B95-429B-8E9B-2D43C1CCDB1E}.Debug|Any CPU.Build.0 = Debug|Any CPU
		{BFFBB7B2-1B95-429B-8E9B-2D43C1CCDB1E}.Release|Any CPU.ActiveCfg = Release|Any CPU
		{BFFBB7B2-1B95-429B-8E9B-2D43C1CCDB1E}.Release|Any CPU.Build.0 = Release|Any CPU
		{16B545E6-B0BA-4EBC-B988-EDEEC0036465}.Debug|Any CPU.ActiveCfg = Debug|Any CPU
		{16B545E6-B0BA-4EBC-B988-EDEEC0036465}.Debug|Any CPU.Build.0 = Debug|Any CPU
		{16B545E6-B0BA-4EBC-B988-EDEEC0036465}.Release|Any CPU.ActiveCfg = Release|Any CPU
		{16B545E6-B0BA-4EBC-B988-EDEEC0036465}.Release|Any CPU.Build.0 = Release|Any CPU
		{C7872E38-8D59-4DEE-BB99-EDEB07921E72}.Debug|Any CPU.ActiveCfg = Debug|Any CPU
		{C7872E38-8D59-4DEE-BB99-EDEB07921E72}.Debug|Any CPU.Build.0 = Debug|Any CPU
		{C7872E38-8D59-4DEE-BB99-EDEB07921E72}.Release|Any CPU.ActiveCfg = Release|Any CPU
		{C7872E38-8D59-4DEE-BB99-EDEB07921E72}.Release|Any CPU.Build.0 = Release|Any CPU
		{EE16C60D-343E-4A66-8077-FDDBFF3CE8CD}.Debug|Any CPU.ActiveCfg = Debug|Any CPU
		{EE16C60D-343E-4A66-8077-FDDBFF3CE8CD}.Debug|Any CPU.Build.0 = Debug|Any CPU
		{EE16C60D-343E-4A66-8077-FDDBFF3CE8CD}.Release|Any CPU.ActiveCfg = Release|Any CPU
		{EE16C60D-343E-4A66-8077-FDDBFF3CE8CD}.Release|Any CPU.Build.0 = Release|Any CPU
		{35622AFC-C86A-4132-9A89-DA119F2A063F}.Debug|Any CPU.ActiveCfg = Debug|Any CPU
		{35622AFC-C86A-4132-9A89-DA119F2A063F}.Debug|Any CPU.Build.0 = Debug|Any CPU
		{35622AFC-C86A-4132-9A89-DA119F2A063F}.Release|Any CPU.ActiveCfg = Release|Any CPU
		{35622AFC-C86A-4132-9A89-DA119F2A063F}.Release|Any CPU.Build.0 = Release|Any CPU
		{C1F3EBC6-3EFD-4E77-A632-59271FA40B5C}.Debug|Any CPU.ActiveCfg = Debug|Any CPU
		{C1F3EBC6-3EFD-4E77-A632-59271FA40B5C}.Debug|Any CPU.Build.0 = Debug|Any CPU
		{C1F3EBC6-3EFD-4E77-A632-59271FA40B5C}.Release|Any CPU.ActiveCfg = Release|Any CPU
		{C1F3EBC6-3EFD-4E77-A632-59271FA40B5C}.Release|Any CPU.Build.0 = Release|Any CPU
		{E834E1A0-DA0B-4F5E-AC8F-4B98A9AFD087}.Debug|Any CPU.ActiveCfg = Debug|Any CPU
		{E834E1A0-DA0B-4F5E-AC8F-4B98A9AFD087}.Debug|Any CPU.Build.0 = Debug|Any CPU
		{E834E1A0-DA0B-4F5E-AC8F-4B98A9AFD087}.Release|Any CPU.ActiveCfg = Release|Any CPU
		{E834E1A0-DA0B-4F5E-AC8F-4B98A9AFD087}.Release|Any CPU.Build.0 = Release|Any CPU
		{0ED53B42-4B38-4C9D-BA31-4E0F50FF473C}.Debug|Any CPU.ActiveCfg = Debug|Any CPU
		{0ED53B42-4B38-4C9D-BA31-4E0F50FF473C}.Debug|Any CPU.Build.0 = Debug|Any CPU
		{0ED53B42-4B38-4C9D-BA31-4E0F50FF473C}.Release|Any CPU.ActiveCfg = Release|Any CPU
		{0ED53B42-4B38-4C9D-BA31-4E0F50FF473C}.Release|Any CPU.Build.0 = Release|Any CPU
		{53847FF6-09BA-479D-9797-547286C94B80}.Debug|Any CPU.ActiveCfg = Debug|Any CPU
		{53847FF6-09BA-479D-9797-547286C94B80}.Debug|Any CPU.Build.0 = Debug|Any CPU
		{53847FF6-09BA-479D-9797-547286C94B80}.Release|Any CPU.ActiveCfg = Release|Any CPU
		{53847FF6-09BA-479D-9797-547286C94B80}.Release|Any CPU.Build.0 = Release|Any CPU
		{6B46ECED-EDE2-4896-866F-923D48F3D979}.Debug|Any CPU.ActiveCfg = Debug|Any CPU
		{6B46ECED-EDE2-4896-866F-923D48F3D979}.Debug|Any CPU.Build.0 = Debug|Any CPU
		{6B46ECED-EDE2-4896-866F-923D48F3D979}.Release|Any CPU.ActiveCfg = Release|Any CPU
		{6B46ECED-EDE2-4896-866F-923D48F3D979}.Release|Any CPU.Build.0 = Release|Any CPU
	EndGlobalSection
	GlobalSection(SolutionProperties) = preSolution
		HideSolutionNode = FALSE
	EndGlobalSection
	GlobalSection(ExtensibilityGlobals) = postSolution
		SolutionGuid = {B71C85D2-D7CD-4F36-A31B-9ACF88F7F4F0}
	EndGlobalSection
EndGlobal
