
Microsoft Visual Studio Solution File, Format Version 12.00
# Visual Studio Version 17
VisualStudioVersion = 17.13.35825.156
MinimumVisualStudioVersion = 10.0.40219.1
Project("{FAE04EC0-301F-11D3-BF4B-00C04F79EFBC}") = "T1_合并两个有序数组", "合并两个有序数组\T1_合并两个有序数组.csproj", "{75DCD069-A4DC-407B-BB5D-BB654197F529}"
EndProject
Project("{FAE04EC0-301F-11D3-BF4B-00C04F79EFBC}") = "T2_移除元素", "T2_移除元素\T2_移除元素.csproj", "{147CAA11-08B5-4F08-9ED7-5F4688A61844}"
EndProject
Project("{FAE04EC0-301F-11D3-BF4B-00C04F79EFBC}") = "T3_删除有序数组中的重复项", "T3_删除有序数组中的重复项\T3_删除有序数组中的重复项.csproj", "{AA16E847-E6F2-436C-8607-8216C71346BB}"
EndProject
Project("{FAE04EC0-301F-11D3-BF4B-00C04F79EFBC}") = "T4_删除有序数组中的重复项2", "T4_删除有序数组中的重复项2\T4_删除有序数组中的重复项2.csproj", "{C68DE588-7073-4C95-B2C6-7CE759A1202A}"
EndProject
Project("{FAE04EC0-301F-11D3-BF4B-00C04F79EFBC}") = "T5_多数元素", "T5_多数元素\T5_多数元素.csproj", "{FB1BC3DD-C57A-49C9-AB4A-64F73BBEA41F}"
EndProject
Project("{FAE04EC0-301F-11D3-BF4B-00C04F79EFBC}") = "T6_轮转数组", "T6_轮转数组\T6_轮转数组.csproj", "{976F31E7-CA80-4647-989C-C829EB8DB3A7}"
EndProject
Project("{FAE04EC0-301F-11D3-BF4B-00C04F79EFBC}") = "T7_买卖股票的最佳时机", "T7_买卖股票的最佳时机\T7_买卖股票的最佳时机.csproj", "{82FBB838-ADAA-432F-8B7F-3327ABEEC0A7}"
EndProject
Project("{FAE04EC0-301F-11D3-BF4B-00C04F79EFBC}") = "T8_买股票的最佳时机2", "T8_买股票的最佳时机2\T8_买股票的最佳时机2.csproj", "{F637069D-680E-43EC-8F08-2F92DCBDC786}"
EndProject
Project("{FAE04EC0-301F-11D3-BF4B-00C04F79EFBC}") = "T9_跳跃游戏", "T9_跳跃游戏\T9_跳跃游戏.csproj", "{F68EDDC6-842F-4E74-B468-328702AE6BEB}"
EndProject
Project("{FAE04EC0-301F-11D3-BF4B-00C04F79EFBC}") = "T10_跳跃游戏2", "T10_跳跃游戏2\T10_跳跃游戏2.csproj", "{C4A02EDD-A143-44F0-9F26-EAEB10026651}"
EndProject
Project("{FAE04EC0-301F-11D3-BF4B-00C04F79EFBC}") = "T11_H指数", "T11_H指数\T11_H指数.csproj", "{9518CF73-DEE0-4D1E-8E54-487882CA3617}"
EndProject
Project("{FAE04EC0-301F-11D3-BF4B-00C04F79EFBC}") = "T12_O(1)时间插入、删除、获取随机元素", "T12_O(1)时间插入、删除、获取随机元素\T12_O(1)时间插入、删除、获取随机元素.csproj", "{F4AA07F7-E8EB-438C-A3B7-02E63C85FDB4}"
EndProject
Project("{FAE04EC0-301F-11D3-BF4B-00C04F79EFBC}") = "T13_除自身以外是数组的乘积", "T13_除自身以外是数组的乘积\T13_除自身以外是数组的乘积.csproj", "{65825EFA-0BFA-4DF4-8A63-E966F9866F99}"
EndProject
Project("{FAE04EC0-301F-11D3-BF4B-00C04F79EFBC}") = "T14_加油站", "T14_加油站\T14_加油站.csproj", "{8EB942A0-490A-4366-A568-A8856AFBC8FC}"
EndProject
Project("{FAE04EC0-301F-11D3-BF4B-00C04F79EFBC}") = "T15_统计好三元组", "T15_统计好三元组\T15_统计好三元组.csproj", "{00192A24-5A26-4BE4-9FC1-EA7D277B239B}"
EndProject
Project("{FAE04EC0-301F-11D3-BF4B-00C04F79EFBC}") = "T16_分发糖果", "T16_分发糖果\T16_分发糖果.csproj", "{709D5F23-CDF6-41B5-9DC5-0DC8132D82C5}"
EndProject
Project("{FAE04EC0-301F-11D3-BF4B-00C04F79EFBC}") = "T17_接雨水", "T17_接雨水\T17_接雨水.csproj", "{E891C27F-DA25-4C81-81A0-623C0EA6298B}"
EndProject
Project("{FAE04EC0-301F-11D3-BF4B-00C04F79EFBC}") = "T18_罗马数字转整型", "T18_罗马数字转整型\T18_罗马数字转整型.csproj", "{27204F6D-B1F7-4754-A31A-8A8E0E212437}"
EndProject
Project("{FAE04EC0-301F-11D3-BF4B-00C04F79EFBC}") = "T19_整型数字转罗马数字", "T19_整型数字转罗马数字\T19_整型数字转罗马数字.csproj", "{B560D0F5-D069-49B0-84B3-34FAB63999DF}"
EndProject
Project("{FAE04EC0-301F-11D3-BF4B-00C04F79EFBC}") = "T20_最后一个词的单词", "T20_最后一个词的单词\T20_最后一个词的单词.csproj", "{903BA375-607B-4EFC-B77C-28F28760D507}"
EndProject
Project("{FAE04EC0-301F-11D3-BF4B-00C04F79EFBC}") = "T21_最长公共前缀", "T21_最长公共前缀\T21_最长公共前缀.csproj", "{1015B14F-58E2-4F89-B006-40E060522204}"
EndProject
Project("{FAE04EC0-301F-11D3-BF4B-00C04F79EFBC}") = "T22_反转字符串中的单词", "T22_反转字符串中的单词\T22_反转字符串中的单词.csproj", "{8D7B213B-BB37-4719-BAFD-E15BD2BD36B9}"
EndProject
Project("{FAE04EC0-301F-11D3-BF4B-00C04F79EFBC}") = "T23_ Z 字形变换", "T23_ Z 字形变换\T23_ Z 字形变换.csproj", "{39804B3E-D855-4DCA-8085-86169E23F97A}"
EndProject
Global
	GlobalSection(SolutionConfigurationPlatforms) = preSolution
		Debug|Any CPU = Debug|Any CPU
		Release|Any CPU = Release|Any CPU
	EndGlobalSection
	GlobalSection(ProjectConfigurationPlatforms) = postSolution
		{75DCD069-A4DC-407B-BB5D-BB654197F529}.Debug|Any CPU.ActiveCfg = Debug|Any CPU
		{75DCD069-A4DC-407B-BB5D-BB654197F529}.Debug|Any CPU.Build.0 = Debug|Any CPU
		{75DCD069-A4DC-407B-BB5D-BB654197F529}.Release|Any CPU.ActiveCfg = Release|Any CPU
		{75DCD069-A4DC-407B-BB5D-BB654197F529}.Release|Any CPU.Build.0 = Release|Any CPU
		{147CAA11-08B5-4F08-9ED7-5F4688A61844}.Debug|Any CPU.ActiveCfg = Debug|Any CPU
		{147CAA11-08B5-4F08-9ED7-5F4688A61844}.Debug|Any CPU.Build.0 = Debug|Any CPU
		{147CAA11-08B5-4F08-9ED7-5F4688A61844}.Release|Any CPU.ActiveCfg = Release|Any CPU
		{147CAA11-08B5-4F08-9ED7-5F4688A61844}.Release|Any CPU.Build.0 = Release|Any CPU
		{AA16E847-E6F2-436C-8607-8216C71346BB}.Debug|Any CPU.ActiveCfg = Debug|Any CPU
		{AA16E847-E6F2-436C-8607-8216C71346BB}.Debug|Any CPU.Build.0 = Debug|Any CPU
		{AA16E847-E6F2-436C-8607-8216C71346BB}.Release|Any CPU.ActiveCfg = Release|Any CPU
		{AA16E847-E6F2-436C-8607-8216C71346BB}.Release|Any CPU.Build.0 = Release|Any CPU
		{C68DE588-7073-4C95-B2C6-7CE759A1202A}.Debug|Any CPU.ActiveCfg = Debug|Any CPU
		{C68DE588-7073-4C95-B2C6-7CE759A1202A}.Debug|Any CPU.Build.0 = Debug|Any CPU
		{C68DE588-7073-4C95-B2C6-7CE759A1202A}.Release|Any CPU.ActiveCfg = Release|Any CPU
		{C68DE588-7073-4C95-B2C6-7CE759A1202A}.Release|Any CPU.Build.0 = Release|Any CPU
		{FB1BC3DD-C57A-49C9-AB4A-64F73BBEA41F}.Debug|Any CPU.ActiveCfg = Debug|Any CPU
		{FB1BC3DD-C57A-49C9-AB4A-64F73BBEA41F}.Debug|Any CPU.Build.0 = Debug|Any CPU
		{FB1BC3DD-C57A-49C9-AB4A-64F73BBEA41F}.Release|Any CPU.ActiveCfg = Release|Any CPU
		{FB1BC3DD-C57A-49C9-AB4A-64F73BBEA41F}.Release|Any CPU.Build.0 = Release|Any CPU
		{976F31E7-CA80-4647-989C-C829EB8DB3A7}.Debug|Any CPU.ActiveCfg = Debug|Any CPU
		{976F31E7-CA80-4647-989C-C829EB8DB3A7}.Debug|Any CPU.Build.0 = Debug|Any CPU
		{976F31E7-CA80-4647-989C-C829EB8DB3A7}.Release|Any CPU.ActiveCfg = Release|Any CPU
		{976F31E7-CA80-4647-989C-C829EB8DB3A7}.Release|Any CPU.Build.0 = Release|Any CPU
		{82FBB838-ADAA-432F-8B7F-3327ABEEC0A7}.Debug|Any CPU.ActiveCfg = Debug|Any CPU
		{82FBB838-ADAA-432F-8B7F-3327ABEEC0A7}.Debug|Any CPU.Build.0 = Debug|Any CPU
		{82FBB838-ADAA-432F-8B7F-3327ABEEC0A7}.Release|Any CPU.ActiveCfg = Release|Any CPU
		{82FBB838-ADAA-432F-8B7F-3327ABEEC0A7}.Release|Any CPU.Build.0 = Release|Any CPU
		{F637069D-680E-43EC-8F08-2F92DCBDC786}.Debug|Any CPU.ActiveCfg = Debug|Any CPU
		{F637069D-680E-43EC-8F08-2F92DCBDC786}.Debug|Any CPU.Build.0 = Debug|Any CPU
		{F637069D-680E-43EC-8F08-2F92DCBDC786}.Release|Any CPU.ActiveCfg = Release|Any CPU
		{F637069D-680E-43EC-8F08-2F92DCBDC786}.Release|Any CPU.Build.0 = Release|Any CPU
		{F68EDDC6-842F-4E74-B468-328702AE6BEB}.Debug|Any CPU.ActiveCfg = Debug|Any CPU
		{F68EDDC6-842F-4E74-B468-328702AE6BEB}.Debug|Any CPU.Build.0 = Debug|Any CPU
		{F68EDDC6-842F-4E74-B468-328702AE6BEB}.Release|Any CPU.ActiveCfg = Release|Any CPU
		{F68EDDC6-842F-4E74-B468-328702AE6BEB}.Release|Any CPU.Build.0 = Release|Any CPU
		{C4A02EDD-A143-44F0-9F26-EAEB10026651}.Debug|Any CPU.ActiveCfg = Debug|Any CPU
		{C4A02EDD-A143-44F0-9F26-EAEB10026651}.Debug|Any CPU.Build.0 = Debug|Any CPU
		{C4A02EDD-A143-44F0-9F26-EAEB10026651}.Release|Any CPU.ActiveCfg = Release|Any CPU
		{C4A02EDD-A143-44F0-9F26-EAEB10026651}.Release|Any CPU.Build.0 = Release|Any CPU
		{9518CF73-DEE0-4D1E-8E54-487882CA3617}.Debug|Any CPU.ActiveCfg = Debug|Any CPU
		{9518CF73-DEE0-4D1E-8E54-487882CA3617}.Debug|Any CPU.Build.0 = Debug|Any CPU
		{9518CF73-DEE0-4D1E-8E54-487882CA3617}.Release|Any CPU.ActiveCfg = Release|Any CPU
		{9518CF73-DEE0-4D1E-8E54-487882CA3617}.Release|Any CPU.Build.0 = Release|Any CPU
		{F4AA07F7-E8EB-438C-A3B7-02E63C85FDB4}.Debug|Any CPU.ActiveCfg = Debug|Any CPU
		{F4AA07F7-E8EB-438C-A3B7-02E63C85FDB4}.Debug|Any CPU.Build.0 = Debug|Any CPU
		{F4AA07F7-E8EB-438C-A3B7-02E63C85FDB4}.Release|Any CPU.ActiveCfg = Release|Any CPU
		{F4AA07F7-E8EB-438C-A3B7-02E63C85FDB4}.Release|Any CPU.Build.0 = Release|Any CPU
		{65825EFA-0BFA-4DF4-8A63-E966F9866F99}.Debug|Any CPU.ActiveCfg = Debug|Any CPU
		{65825EFA-0BFA-4DF4-8A63-E966F9866F99}.Debug|Any CPU.Build.0 = Debug|Any CPU
		{65825EFA-0BFA-4DF4-8A63-E966F9866F99}.Release|Any CPU.ActiveCfg = Release|Any CPU
		{65825EFA-0BFA-4DF4-8A63-E966F9866F99}.Release|Any CPU.Build.0 = Release|Any CPU
		{8EB942A0-490A-4366-A568-A8856AFBC8FC}.Debug|Any CPU.ActiveCfg = Debug|Any CPU
		{8EB942A0-490A-4366-A568-A8856AFBC8FC}.Debug|Any CPU.Build.0 = Debug|Any CPU
		{8EB942A0-490A-4366-A568-A8856AFBC8FC}.Release|Any CPU.ActiveCfg = Release|Any CPU
		{8EB942A0-490A-4366-A568-A8856AFBC8FC}.Release|Any CPU.Build.0 = Release|Any CPU
		{00192A24-5A26-4BE4-9FC1-EA7D277B239B}.Debug|Any CPU.ActiveCfg = Debug|Any CPU
		{00192A24-5A26-4BE4-9FC1-EA7D277B239B}.Debug|Any CPU.Build.0 = Debug|Any CPU
		{00192A24-5A26-4BE4-9FC1-EA7D277B239B}.Release|Any CPU.ActiveCfg = Release|Any CPU
		{00192A24-5A26-4BE4-9FC1-EA7D277B239B}.Release|Any CPU.Build.0 = Release|Any CPU
		{709D5F23-CDF6-41B5-9DC5-0DC8132D82C5}.Debug|Any CPU.ActiveCfg = Debug|Any CPU
		{709D5F23-CDF6-41B5-9DC5-0DC8132D82C5}.Debug|Any CPU.Build.0 = Debug|Any CPU
		{709D5F23-CDF6-41B5-9DC5-0DC8132D82C5}.Release|Any CPU.ActiveCfg = Release|Any CPU
		{709D5F23-CDF6-41B5-9DC5-0DC8132D82C5}.Release|Any CPU.Build.0 = Release|Any CPU
		{E891C27F-DA25-4C81-81A0-623C0EA6298B}.Debug|Any CPU.ActiveCfg = Debug|Any CPU
		{E891C27F-DA25-4C81-81A0-623C0EA6298B}.Debug|Any CPU.Build.0 = Debug|Any CPU
		{E891C27F-DA25-4C81-81A0-623C0EA6298B}.Release|Any CPU.ActiveCfg = Release|Any CPU
		{E891C27F-DA25-4C81-81A0-623C0EA6298B}.Release|Any CPU.Build.0 = Release|Any CPU
		{27204F6D-B1F7-4754-A31A-8A8E0E212437}.Debug|Any CPU.ActiveCfg = Debug|Any CPU
		{27204F6D-B1F7-4754-A31A-8A8E0E212437}.Debug|Any CPU.Build.0 = Debug|Any CPU
		{27204F6D-B1F7-4754-A31A-8A8E0E212437}.Release|Any CPU.ActiveCfg = Release|Any CPU
		{27204F6D-B1F7-4754-A31A-8A8E0E212437}.Release|Any CPU.Build.0 = Release|Any CPU
		{B560D0F5-D069-49B0-84B3-34FAB63999DF}.Debug|Any CPU.ActiveCfg = Debug|Any CPU
		{B560D0F5-D069-49B0-84B3-34FAB63999DF}.Debug|Any CPU.Build.0 = Debug|Any CPU
		{B560D0F5-D069-49B0-84B3-34FAB63999DF}.Release|Any CPU.ActiveCfg = Release|Any CPU
		{B560D0F5-D069-49B0-84B3-34FAB63999DF}.Release|Any CPU.Build.0 = Release|Any CPU
		{903BA375-607B-4EFC-B77C-28F28760D507}.Debug|Any CPU.ActiveCfg = Debug|Any CPU
		{903BA375-607B-4EFC-B77C-28F28760D507}.Debug|Any CPU.Build.0 = Debug|Any CPU
		{903BA375-607B-4EFC-B77C-28F28760D507}.Release|Any CPU.ActiveCfg = Release|Any CPU
		{903BA375-607B-4EFC-B77C-28F28760D507}.Release|Any CPU.Build.0 = Release|Any CPU
		{1015B14F-58E2-4F89-B006-40E060522204}.Debug|Any CPU.ActiveCfg = Debug|Any CPU
		{1015B14F-58E2-4F89-B006-40E060522204}.Debug|Any CPU.Build.0 = Debug|Any CPU
		{1015B14F-58E2-4F89-B006-40E060522204}.Release|Any CPU.ActiveCfg = Release|Any CPU
		{1015B14F-58E2-4F89-B006-40E060522204}.Release|Any CPU.Build.0 = Release|Any CPU
		{8D7B213B-BB37-4719-BAFD-E15BD2BD36B9}.Debug|Any CPU.ActiveCfg = Debug|Any CPU
		{8D7B213B-BB37-4719-BAFD-E15BD2BD36B9}.Debug|Any CPU.Build.0 = Debug|Any CPU
		{8D7B213B-BB37-4719-BAFD-E15BD2BD36B9}.Release|Any CPU.ActiveCfg = Release|Any CPU
		{8D7B213B-BB37-4719-BAFD-E15BD2BD36B9}.Release|Any CPU.Build.0 = Release|Any CPU
		{39804B3E-D855-4DCA-8085-86169E23F97A}.Debug|Any CPU.ActiveCfg = Debug|Any CPU
		{39804B3E-D855-4DCA-8085-86169E23F97A}.Debug|Any CPU.Build.0 = Debug|Any CPU
		{39804B3E-D855-4DCA-8085-86169E23F97A}.Release|Any CPU.ActiveCfg = Release|Any CPU
		{39804B3E-D855-4DCA-8085-86169E23F97A}.Release|Any CPU.Build.0 = Release|Any CPU
	EndGlobalSection
	GlobalSection(SolutionProperties) = preSolution
		HideSolutionNode = FALSE
	EndGlobalSection
	GlobalSection(ExtensibilityGlobals) = postSolution
		SolutionGuid = {B71C85D2-D7CD-4F36-A31B-9ACF88F7F4F0}
	EndGlobalSection
EndGlobal
